
Microsoft Visual Studio Solution File, Format Version 12.00
# Visual Studio Version 17
VisualStudioVersion = 17.7.34024.191
MinimumVisualStudioVersion = 10.0.40219.1
Project("{FAE04EC0-301F-11D3-BF4B-00C04F79EFBC}") = "MovieStore.API", "MovieStore.API\MovieStore.API.csproj", "{5F12B7F7-D419-44D4-828A-55DC4D60D1E8}"
EndProject
Project("{FAE04EC0-301F-11D3-BF4B-00C04F79EFBC}") = "MovieStore.Data", "MovieStore.Data\MovieStore.Data.csproj", "{C40AA293-0E42-45F2-B086-607863EBF4D2}"
EndProject
Project("{FAE04EC0-301F-11D3-BF4B-00C04F79EFBC}") = "MovieStore.Service", "MovieStore.Service\MovieStore.Service.csproj", "{E455E160-A41C-4969-A0C9-1431EF9239FC}"
EndProject
Global
	GlobalSection(SolutionConfigurationPlatforms) = preSolution
		Debug|Any CPU = Debug|Any CPU
		Release|Any CPU = Release|Any CPU
	EndGlobalSection
	GlobalSection(ProjectConfigurationPlatforms) = postSolution
		{5F12B7F7-D419-44D4-828A-55DC4D60D1E8}.Debug|Any CPU.ActiveCfg = Debug|Any CPU
		{5F12B7F7-D419-44D4-828A-55DC4D60D1E8}.Debug|Any CPU.Build.0 = Debug|Any CPU
		{5F12B7F7-D419-44D4-828A-55DC4D60D1E8}.Release|Any CPU.ActiveCfg = Release|Any CPU
		{5F12B7F7-D419-44D4-828A-55DC4D60D1E8}.Release|Any CPU.Build.0 = Release|Any CPU
		{C40AA293-0E42-45F2-B086-607863EBF4D2}.Debug|Any CPU.ActiveCfg = Debug|Any CPU
		{C40AA293-0E42-45F2-B086-607863EBF4D2}.Debug|Any CPU.Build.0 = Debug|Any CPU
		{C40AA293-0E42-45F2-B086-607863EBF4D2}.Release|Any CPU.ActiveCfg = Release|Any CPU
		{C40AA293-0E42-45F2-B086-607863EBF4D2}.Release|Any CPU.Build.0 = Release|Any CPU
		{E455E160-A41C-4969-A0C9-1431EF9239FC}.Debug|Any CPU.ActiveCfg = Debug|Any CPU
		{E455E160-A41C-4969-A0C9-1431EF9239FC}.Debug|Any CPU.Build.0 = Debug|Any CPU
		{E455E160-A41C-4969-A0C9-1431EF9239FC}.Release|Any CPU.ActiveCfg = Release|Any CPU
		{E455E160-A41C-4969-A0C9-1431EF9239FC}.Release|Any CPU.Build.0 = Release|Any CPU
	EndGlobalSection
	GlobalSection(SolutionProperties) = preSolution
		HideSolutionNode = FALSE
	EndGlobalSection
	GlobalSection(ExtensibilityGlobals) = postSolution
		SolutionGuid = {C5F4875F-1501-4688-8D68-1D208D3FE1D0}
	EndGlobalSection
EndGlobal
